
Microsoft Visual Studio Solution File, Format Version 12.00
# Visual Studio Version 17
VisualStudioVersion = 17.14.36212.18 d17.14
MinimumVisualStudioVersion = 10.0.40219.1
Project("{FAE04EC0-301F-11D3-BF4B-00C04F79EFBC}") = "EstrazioneLettere", "EstrazioneLettere\EstrazioneLettere.csproj", "{B2B8335A-91ED-435A-A202-15565FA31E65}"
EndProject
Global
	GlobalSection(SolutionConfigurationPlatforms) = preSolution
		Debug|Any CPU = Debug|Any CPU
		Release|Any CPU = Release|Any CPU
	EndGlobalSection
	GlobalSection(ProjectConfigurationPlatforms) = postSolution
		{B2B8335A-91ED-435A-A202-15565FA31E65}.Debug|Any CPU.ActiveCfg = Debug|Any CPU
		{B2B8335A-91ED-435A-A202-15565FA31E65}.Debug|Any CPU.Build.0 = Debug|Any CPU
		{B2B8335A-91ED-435A-A202-15565FA31E65}.Release|Any CPU.ActiveCfg = Release|Any CPU
		{B2B8335A-91ED-435A-A202-15565FA31E65}.Release|Any CPU.Build.0 = Release|Any CPU
	EndGlobalSection
	GlobalSection(SolutionProperties) = preSolution
		HideSolutionNode = FALSE
	EndGlobalSection
	GlobalSection(ExtensibilityGlobals) = postSolution
		SolutionGuid = {6BE48AFE-A9C8-4D7B-9AF0-CF1602DC49F2}
	EndGlobalSection
EndGlobal
